
Microsoft Visual Studio Solution File, Format Version 12.00
# Visual Studio Version 16
VisualStudioVersion = 16.0.29709.97
MinimumVisualStudioVersion = 10.0.40219.1
Project("{2150E333-8FDC-42A3-9474-1A3956D46DE8}") = "Infrastructure", "Infrastructure", "{F528245D-9643-407C-BDBD-0F5924DC15BC}"
EndProject
Project("{2150E333-8FDC-42A3-9474-1A3956D46DE8}") = "Test", "Test", "{0988E8AD-D05F-413A-9CD1-FD9DC402A5E8}"
EndProject
Project("{2150E333-8FDC-42A3-9474-1A3956D46DE8}") = "Application", "Application", "{B937CEEA-3E34-4C9C-836A-63E66DA9C862}"
EndProject
Project("{2150E333-8FDC-42A3-9474-1A3956D46DE8}") = "Domain", "Domain", "{B3924C21-F01E-48D8-9540-9A831B1A3A66}"
EndProject
Project("{2150E333-8FDC-42A3-9474-1A3956D46DE8}") = "Data", "Data", "{52558B7A-F2BD-46F3-AA9B-7C5E1B3B2488}"
EndProject
Project("{9A19103F-16F7-4668-BE54-9A1E7A4F7556}") = "ANM.Example.Application", "ANM.Example.Application\ANM.Example.Application.csproj", "{AC2F049F-257C-4447-839F-A11F5CA1F541}"
EndProject
Project("{9A19103F-16F7-4668-BE54-9A1E7A4F7556}") = "ANM.Example.Domain", "ANM.Example.Domain\ANM.Example.Domain.csproj", "{2DEE03BF-D15E-412B-B3C6-F286678365FF}"
EndProject
Project("{9A19103F-16F7-4668-BE54-9A1E7A4F7556}") = "ANM.Example.Repositories", "ANM.Example.Repositories\ANM.Example.Repositories.csproj", "{320A5D7E-296D-4800-813D-0F5D2CBA7E90}"
EndProject
Project("{9A19103F-16F7-4668-BE54-9A1E7A4F7556}") = "ANM.Example.UnitTest", "ANM.Example.UnitTest\ANM.Example.UnitTest.csproj", "{C4EAAB7A-6AB2-4AEE-BE7F-E57FF6738690}"
EndProject
Project("{9A19103F-16F7-4668-BE54-9A1E7A4F7556}") = "ANM.Example.API", "ANM.Example.API\ANM.Example.API.csproj", "{8DCF85CA-ABB2-4011-95BC-0C724D6E55C1}"
EndProject
Project("{2150E333-8FDC-42A3-9474-1A3956D46DE8}") = "1-Core", "1-Core", "{A1486B53-7308-4CCE-B540-92B9055D594E}"
EndProject
Project("{9A19103F-16F7-4668-BE54-9A1E7A4F7556}") = "ANM.Core.Application.Abstractions", "ANM.Core.Application.Abstraction\ANM.Core.Application.Abstractions.csproj", "{815D4898-2609-437F-B0EE-7F8B02F03D86}"
EndProject
Project("{9A19103F-16F7-4668-BE54-9A1E7A4F7556}") = "ANM.Example.Application.Abstractions", "ANM.Example.Application.Abstractions\ANM.Example.Application.Abstractions.csproj", "{4B7E99BF-3E51-4D46-8EBB-564D5C073D30}"
EndProject
Project("{2150E333-8FDC-42A3-9474-1A3956D46DE8}") = "Event", "Event", "{B9DB5491-5DC7-45E2-8E87-8920982FF0C3}"
EndProject
Project("{9A19103F-16F7-4668-BE54-9A1E7A4F7556}") = "ANM.Example.EventPublisher", "ANM.Example.EventPublisher\ANM.Example.EventPublisher.csproj", "{F1E7420C-3C5D-4DE7-AC86-C38A1EB4053A}"
EndProject
Project("{9A19103F-16F7-4668-BE54-9A1E7A4F7556}") = "ANM.Core.Domain.Abstractions", "ANM.Core.Domain.Abstractions\ANM.Core.Domain.Abstractions.csproj", "{D9A8295B-BF4D-4DA3-ACE1-4A9268DABA74}"
EndProject
Project("{FAE04EC0-301F-11D3-BF4B-00C04F79EFBC}") = "ANM.Example.Infrastructure.EventHandler", "ANM.Example.Infrastructure.EventHandler\ANM.Example.Infrastructure.EventHandler.csproj", "{E157D4A7-F2F6-41EB-87E9-AB2F241CABC9}"
EndProject
Global
	GlobalSection(SolutionConfigurationPlatforms) = preSolution
		Debug|Any CPU = Debug|Any CPU
		Release|Any CPU = Release|Any CPU
	EndGlobalSection
	GlobalSection(ProjectConfigurationPlatforms) = postSolution
		{AC2F049F-257C-4447-839F-A11F5CA1F541}.Debug|Any CPU.ActiveCfg = Debug|Any CPU
		{AC2F049F-257C-4447-839F-A11F5CA1F541}.Debug|Any CPU.Build.0 = Debug|Any CPU
		{AC2F049F-257C-4447-839F-A11F5CA1F541}.Release|Any CPU.ActiveCfg = Release|Any CPU
		{AC2F049F-257C-4447-839F-A11F5CA1F541}.Release|Any CPU.Build.0 = Release|Any CPU
		{2DEE03BF-D15E-412B-B3C6-F286678365FF}.Debug|Any CPU.ActiveCfg = Debug|Any CPU
		{2DEE03BF-D15E-412B-B3C6-F286678365FF}.Debug|Any CPU.Build.0 = Debug|Any CPU
		{2DEE03BF-D15E-412B-B3C6-F286678365FF}.Release|Any CPU.ActiveCfg = Release|Any CPU
		{2DEE03BF-D15E-412B-B3C6-F286678365FF}.Release|Any CPU.Build.0 = Release|Any CPU
		{320A5D7E-296D-4800-813D-0F5D2CBA7E90}.Debug|Any CPU.ActiveCfg = Debug|Any CPU
		{320A5D7E-296D-4800-813D-0F5D2CBA7E90}.Debug|Any CPU.Build.0 = Debug|Any CPU
		{320A5D7E-296D-4800-813D-0F5D2CBA7E90}.Release|Any CPU.ActiveCfg = Release|Any CPU
		{320A5D7E-296D-4800-813D-0F5D2CBA7E90}.Release|Any CPU.Build.0 = Release|Any CPU
		{C4EAAB7A-6AB2-4AEE-BE7F-E57FF6738690}.Debug|Any CPU.ActiveCfg = Debug|Any CPU
		{C4EAAB7A-6AB2-4AEE-BE7F-E57FF6738690}.Debug|Any CPU.Build.0 = Debug|Any CPU
		{C4EAAB7A-6AB2-4AEE-BE7F-E57FF6738690}.Release|Any CPU.ActiveCfg = Release|Any CPU
		{C4EAAB7A-6AB2-4AEE-BE7F-E57FF6738690}.Release|Any CPU.Build.0 = Release|Any CPU
		{8DCF85CA-ABB2-4011-95BC-0C724D6E55C1}.Debug|Any CPU.ActiveCfg = Debug|Any CPU
		{8DCF85CA-ABB2-4011-95BC-0C724D6E55C1}.Debug|Any CPU.Build.0 = Debug|Any CPU
		{8DCF85CA-ABB2-4011-95BC-0C724D6E55C1}.Release|Any CPU.ActiveCfg = Release|Any CPU
		{8DCF85CA-ABB2-4011-95BC-0C724D6E55C1}.Release|Any CPU.Build.0 = Release|Any CPU
		{815D4898-2609-437F-B0EE-7F8B02F03D86}.Debug|Any CPU.ActiveCfg = Debug|Any CPU
		{815D4898-2609-437F-B0EE-7F8B02F03D86}.Debug|Any CPU.Build.0 = Debug|Any CPU
		{815D4898-2609-437F-B0EE-7F8B02F03D86}.Release|Any CPU.ActiveCfg = Release|Any CPU
		{815D4898-2609-437F-B0EE-7F8B02F03D86}.Release|Any CPU.Build.0 = Release|Any CPU
		{4B7E99BF-3E51-4D46-8EBB-564D5C073D30}.Debug|Any CPU.ActiveCfg = Debug|Any CPU
		{4B7E99BF-3E51-4D46-8EBB-564D5C073D30}.Debug|Any CPU.Build.0 = Debug|Any CPU
		{4B7E99BF-3E51-4D46-8EBB-564D5C073D30}.Release|Any CPU.ActiveCfg = Release|Any CPU
		{4B7E99BF-3E51-4D46-8EBB-564D5C073D30}.Release|Any CPU.Build.0 = Release|Any CPU
		{F1E7420C-3C5D-4DE7-AC86-C38A1EB4053A}.Debug|Any CPU.ActiveCfg = Debug|Any CPU
		{F1E7420C-3C5D-4DE7-AC86-C38A1EB4053A}.Debug|Any CPU.Build.0 = Debug|Any CPU
		{F1E7420C-3C5D-4DE7-AC86-C38A1EB4053A}.Release|Any CPU.ActiveCfg = Release|Any CPU
		{F1E7420C-3C5D-4DE7-AC86-C38A1EB4053A}.Release|Any CPU.Build.0 = Release|Any CPU
		{D9A8295B-BF4D-4DA3-ACE1-4A9268DABA74}.Debug|Any CPU.ActiveCfg = Debug|Any CPU
		{D9A8295B-BF4D-4DA3-ACE1-4A9268DABA74}.Debug|Any CPU.Build.0 = Debug|Any CPU
		{D9A8295B-BF4D-4DA3-ACE1-4A9268DABA74}.Release|Any CPU.ActiveCfg = Release|Any CPU
		{D9A8295B-BF4D-4DA3-ACE1-4A9268DABA74}.Release|Any CPU.Build.0 = Release|Any CPU
		{E157D4A7-F2F6-41EB-87E9-AB2F241CABC9}.Debug|Any CPU.ActiveCfg = Debug|Any CPU
		{E157D4A7-F2F6-41EB-87E9-AB2F241CABC9}.Debug|Any CPU.Build.0 = Debug|Any CPU
		{E157D4A7-F2F6-41EB-87E9-AB2F241CABC9}.Release|Any CPU.ActiveCfg = Release|Any CPU
		{E157D4A7-F2F6-41EB-87E9-AB2F241CABC9}.Release|Any CPU.Build.0 = Release|Any CPU
	EndGlobalSection
	GlobalSection(SolutionProperties) = preSolution
		HideSolutionNode = FALSE
	EndGlobalSection
	GlobalSection(NestedProjects) = preSolution
		{52558B7A-F2BD-46F3-AA9B-7C5E1B3B2488} = {F528245D-9643-407C-BDBD-0F5924DC15BC}
		{AC2F049F-257C-4447-839F-A11F5CA1F541} = {B937CEEA-3E34-4C9C-836A-63E66DA9C862}
		{2DEE03BF-D15E-412B-B3C6-F286678365FF} = {B3924C21-F01E-48D8-9540-9A831B1A3A66}
		{320A5D7E-296D-4800-813D-0F5D2CBA7E90} = {52558B7A-F2BD-46F3-AA9B-7C5E1B3B2488}
		{C4EAAB7A-6AB2-4AEE-BE7F-E57FF6738690} = {0988E8AD-D05F-413A-9CD1-FD9DC402A5E8}
		{815D4898-2609-437F-B0EE-7F8B02F03D86} = {A1486B53-7308-4CCE-B540-92B9055D594E}
		{4B7E99BF-3E51-4D46-8EBB-564D5C073D30} = {B937CEEA-3E34-4C9C-836A-63E66DA9C862}
		{B9DB5491-5DC7-45E2-8E87-8920982FF0C3} = {F528245D-9643-407C-BDBD-0F5924DC15BC}
		{F1E7420C-3C5D-4DE7-AC86-C38A1EB4053A} = {B9DB5491-5DC7-45E2-8E87-8920982FF0C3}
		{D9A8295B-BF4D-4DA3-ACE1-4A9268DABA74} = {A1486B53-7308-4CCE-B540-92B9055D594E}
		{E157D4A7-F2F6-41EB-87E9-AB2F241CABC9} = {B9DB5491-5DC7-45E2-8E87-8920982FF0C3}
	EndGlobalSection
	GlobalSection(ExtensibilityGlobals) = postSolution
		SolutionGuid = {79F89A34-8ED6-42B7-9EE6-7C486D0B66C2}
	EndGlobalSection
EndGlobal
